# This file is automatically @generated by Poetry 2.0.0 and should not be changed by hand.

[[package]]
name = "custom-lib"
version = "0.1.0"
description = ""
optional = false
python-versions = ">=3.11"
groups = ["main"]
files = []
develop = false

[package.source]
type = "directory"
url = "../custom-lib"

[[package]]
name = "lib"
version = "0.1.0"
description = ""
optional = false
python-versions = ">=3.11"
groups = ["main"]
files = []
develop = false

[package.source]
type = "directory"
url = "../lib"

[metadata]
lock-version = "2.1"
python-versions = ">=3.11"
content-hash = "309f4ad96316c44b400941fae67381edccadd3ae9294b432f78a7891b1c27983"
